
Microsoft Visual Studio Solution File, Format Version 12.00
# Visual Studio Version 17
VisualStudioVersion = 17.4.33205.214
MinimumVisualStudioVersion = 10.0.40219.1
Project("{FAE04EC0-301F-11D3-BF4B-00C04F79EFBC}") = "APIVendas", "APIVendas\APIVendas.csproj", "{1BF806AB-8885-4A60-8124-EF00033C75CF}"
EndProject
Project("{FAE04EC0-301F-11D3-BF4B-00C04F79EFBC}") = "Cliente", "Cliente\Cliente.csproj", "{097DD7BB-E50D-49E1-BFD4-0F029C38EC60}"
EndProject
Project("{FAE04EC0-301F-11D3-BF4B-00C04F79EFBC}") = "Transportadora", "Transportadora\Transportadora.csproj", "{B57F293C-9A81-4B6B-A31C-77E285C448D4}"
EndProject
Project("{FAE04EC0-301F-11D3-BF4B-00C04F79EFBC}") = "Vendedor", "Vendedor\Vendedor.csproj", "{41C81608-C72A-41F2-8EE1-394E365E499A}"
EndProject
Global
	GlobalSection(SolutionConfigurationPlatforms) = preSolution
		Debug|Any CPU = Debug|Any CPU
		Release|Any CPU = Release|Any CPU
	EndGlobalSection
	GlobalSection(ProjectConfigurationPlatforms) = postSolution
		{1BF806AB-8885-4A60-8124-EF00033C75CF}.Debug|Any CPU.ActiveCfg = Debug|Any CPU
		{1BF806AB-8885-4A60-8124-EF00033C75CF}.Debug|Any CPU.Build.0 = Debug|Any CPU
		{1BF806AB-8885-4A60-8124-EF00033C75CF}.Release|Any CPU.ActiveCfg = Release|Any CPU
		{1BF806AB-8885-4A60-8124-EF00033C75CF}.Release|Any CPU.Build.0 = Release|Any CPU
		{097DD7BB-E50D-49E1-BFD4-0F029C38EC60}.Debug|Any CPU.ActiveCfg = Debug|Any CPU
		{097DD7BB-E50D-49E1-BFD4-0F029C38EC60}.Debug|Any CPU.Build.0 = Debug|Any CPU
		{097DD7BB-E50D-49E1-BFD4-0F029C38EC60}.Release|Any CPU.ActiveCfg = Release|Any CPU
		{097DD7BB-E50D-49E1-BFD4-0F029C38EC60}.Release|Any CPU.Build.0 = Release|Any CPU
		{B57F293C-9A81-4B6B-A31C-77E285C448D4}.Debug|Any CPU.ActiveCfg = Debug|Any CPU
		{B57F293C-9A81-4B6B-A31C-77E285C448D4}.Debug|Any CPU.Build.0 = Debug|Any CPU
		{B57F293C-9A81-4B6B-A31C-77E285C448D4}.Release|Any CPU.ActiveCfg = Release|Any CPU
		{B57F293C-9A81-4B6B-A31C-77E285C448D4}.Release|Any CPU.Build.0 = Release|Any CPU
		{41C81608-C72A-41F2-8EE1-394E365E499A}.Debug|Any CPU.ActiveCfg = Debug|Any CPU
		{41C81608-C72A-41F2-8EE1-394E365E499A}.Debug|Any CPU.Build.0 = Debug|Any CPU
		{41C81608-C72A-41F2-8EE1-394E365E499A}.Release|Any CPU.ActiveCfg = Release|Any CPU
		{41C81608-C72A-41F2-8EE1-394E365E499A}.Release|Any CPU.Build.0 = Release|Any CPU
	EndGlobalSection
	GlobalSection(SolutionProperties) = preSolution
		HideSolutionNode = FALSE
	EndGlobalSection
	GlobalSection(ExtensibilityGlobals) = postSolution
		SolutionGuid = {5AB3284B-97C8-4183-B0EB-17D5B33D651E}
	EndGlobalSection
EndGlobal
