
Microsoft Visual Studio Solution File, Format Version 12.00
# Visual Studio Version 17
VisualStudioVersion = 17.4.33205.214
MinimumVisualStudioVersion = 10.0.40219.1
Project("{FAE04EC0-301F-11D3-BF4B-00C04F79EFBC}") = "Projeto02_MVC", "Projeto02_MVC\Projeto02_MVC.csproj", "{919ACE6A-7B21-43B3-AE1E-B7B31030E63C}"
EndProject
Global
	GlobalSection(SolutionConfigurationPlatforms) = preSolution
		Debug|Any CPU = Debug|Any CPU
		Release|Any CPU = Release|Any CPU
	EndGlobalSection
	GlobalSection(ProjectConfigurationPlatforms) = postSolution
		{919ACE6A-7B21-43B3-AE1E-B7B31030E63C}.Debug|Any CPU.ActiveCfg = Debug|Any CPU
		{919ACE6A-7B21-43B3-AE1E-B7B31030E63C}.Debug|Any CPU.Build.0 = Debug|Any CPU
		{919ACE6A-7B21-43B3-AE1E-B7B31030E63C}.Release|Any CPU.ActiveCfg = Release|Any CPU
		{919ACE6A-7B21-43B3-AE1E-B7B31030E63C}.Release|Any CPU.Build.0 = Release|Any CPU
	EndGlobalSection
	GlobalSection(SolutionProperties) = preSolution
		HideSolutionNode = FALSE
	EndGlobalSection
	GlobalSection(ExtensibilityGlobals) = postSolution
		SolutionGuid = {1F212419-4998-42B2-BEAE-104BBD6E17C1}
	EndGlobalSection
EndGlobal
