
Microsoft Visual Studio Solution File, Format Version 12.00
# Visual Studio Version 17
VisualStudioVersion = 17.4.33205.214
MinimumVisualStudioVersion = 10.0.40219.1
Project("{FAE04EC0-301F-11D3-BF4B-00C04F79EFBC}") = "Aula05_Daniel", "Aula05_Daniel\Aula05_Daniel.csproj", "{77E964B5-336B-4B41-9BFF-902AAECB9738}"
EndProject
Global
	GlobalSection(SolutionConfigurationPlatforms) = preSolution
		Debug|Any CPU = Debug|Any CPU
		Release|Any CPU = Release|Any CPU
	EndGlobalSection
	GlobalSection(ProjectConfigurationPlatforms) = postSolution
		{77E964B5-336B-4B41-9BFF-902AAECB9738}.Debug|Any CPU.ActiveCfg = Debug|Any CPU
		{77E964B5-336B-4B41-9BFF-902AAECB9738}.Debug|Any CPU.Build.0 = Debug|Any CPU
		{77E964B5-336B-4B41-9BFF-902AAECB9738}.Release|Any CPU.ActiveCfg = Release|Any CPU
		{77E964B5-336B-4B41-9BFF-902AAECB9738}.Release|Any CPU.Build.0 = Release|Any CPU
	EndGlobalSection
	GlobalSection(SolutionProperties) = preSolution
		HideSolutionNode = FALSE
	EndGlobalSection
	GlobalSection(ExtensibilityGlobals) = postSolution
		SolutionGuid = {BBFD0F31-6BFC-4426-828B-C82D560EB771}
	EndGlobalSection
EndGlobal
