
Microsoft Visual Studio Solution File, Format Version 12.00
# Visual Studio Version 17
VisualStudioVersion = 17.4.33205.214
MinimumVisualStudioVersion = 10.0.40219.1
Project("{FAE04EC0-301F-11D3-BF4B-00C04F79EFBC}") = "AulaAPI_Web", "AulaAPI_Web\AulaAPI_Web.csproj", "{0FA11DDE-BECC-446F-A511-4BB41EDA5925}"
EndProject
Global
	GlobalSection(SolutionConfigurationPlatforms) = preSolution
		Debug|Any CPU = Debug|Any CPU
		Release|Any CPU = Release|Any CPU
	EndGlobalSection
	GlobalSection(ProjectConfigurationPlatforms) = postSolution
		{0FA11DDE-BECC-446F-A511-4BB41EDA5925}.Debug|Any CPU.ActiveCfg = Debug|Any CPU
		{0FA11DDE-BECC-446F-A511-4BB41EDA5925}.Debug|Any CPU.Build.0 = Debug|Any CPU
		{0FA11DDE-BECC-446F-A511-4BB41EDA5925}.Release|Any CPU.ActiveCfg = Release|Any CPU
		{0FA11DDE-BECC-446F-A511-4BB41EDA5925}.Release|Any CPU.Build.0 = Release|Any CPU
	EndGlobalSection
	GlobalSection(SolutionProperties) = preSolution
		HideSolutionNode = FALSE
	EndGlobalSection
	GlobalSection(ExtensibilityGlobals) = postSolution
		SolutionGuid = {C0F2626E-49DA-43D0-BF1F-98F1852C5FE5}
	EndGlobalSection
EndGlobal
