
Microsoft Visual Studio Solution File, Format Version 12.00
# Visual Studio Version 17
VisualStudioVersion = 17.4.33205.214
MinimumVisualStudioVersion = 10.0.40219.1
Project("{FAE04EC0-301F-11D3-BF4B-00C04F79EFBC}") = "Aula01_daniel", "Aula01_daniel\Aula01_daniel.csproj", "{9744BF18-F1B9-4BDF-AE73-9CBDCCBCCA9E}"
EndProject
Global
	GlobalSection(SolutionConfigurationPlatforms) = preSolution
		Debug|Any CPU = Debug|Any CPU
		Release|Any CPU = Release|Any CPU
	EndGlobalSection
	GlobalSection(ProjectConfigurationPlatforms) = postSolution
		{9744BF18-F1B9-4BDF-AE73-9CBDCCBCCA9E}.Debug|Any CPU.ActiveCfg = Debug|Any CPU
		{9744BF18-F1B9-4BDF-AE73-9CBDCCBCCA9E}.Debug|Any CPU.Build.0 = Debug|Any CPU
		{9744BF18-F1B9-4BDF-AE73-9CBDCCBCCA9E}.Release|Any CPU.ActiveCfg = Release|Any CPU
		{9744BF18-F1B9-4BDF-AE73-9CBDCCBCCA9E}.Release|Any CPU.Build.0 = Release|Any CPU
	EndGlobalSection
	GlobalSection(SolutionProperties) = preSolution
		HideSolutionNode = FALSE
	EndGlobalSection
	GlobalSection(ExtensibilityGlobals) = postSolution
		SolutionGuid = {624DEA1F-7E6F-4758-A3EF-0A696B1CB114}
	EndGlobalSection
EndGlobal
