
Microsoft Visual Studio Solution File, Format Version 12.00
# Visual Studio Version 17
VisualStudioVersion = 17.4.33205.214
MinimumVisualStudioVersion = 10.0.40219.1
Project("{FAE04EC0-301F-11D3-BF4B-00C04F79EFBC}") = "Aula04_AdoNet", "Aula04_AdoNet\Aula04_AdoNet.csproj", "{2618CDF1-8EB5-4848-80D0-3A6E1BBADCA2}"
EndProject
Global
	GlobalSection(SolutionConfigurationPlatforms) = preSolution
		Debug|Any CPU = Debug|Any CPU
		Release|Any CPU = Release|Any CPU
	EndGlobalSection
	GlobalSection(ProjectConfigurationPlatforms) = postSolution
		{2618CDF1-8EB5-4848-80D0-3A6E1BBADCA2}.Debug|Any CPU.ActiveCfg = Debug|Any CPU
		{2618CDF1-8EB5-4848-80D0-3A6E1BBADCA2}.Debug|Any CPU.Build.0 = Debug|Any CPU
		{2618CDF1-8EB5-4848-80D0-3A6E1BBADCA2}.Release|Any CPU.ActiveCfg = Release|Any CPU
		{2618CDF1-8EB5-4848-80D0-3A6E1BBADCA2}.Release|Any CPU.Build.0 = Release|Any CPU
	EndGlobalSection
	GlobalSection(SolutionProperties) = preSolution
		HideSolutionNode = FALSE
	EndGlobalSection
	GlobalSection(ExtensibilityGlobals) = postSolution
		SolutionGuid = {E8C566C0-BE5D-4A1B-9487-3772E690BB1A}
	EndGlobalSection
EndGlobal
