
Microsoft Visual Studio Solution File, Format Version 12.00
# Visual Studio Version 17
VisualStudioVersion = 17.4.33205.214
MinimumVisualStudioVersion = 10.0.40219.1
Project("{FAE04EC0-301F-11D3-BF4B-00C04F79EFBC}") = "Projeto03_Identity", "Projeto03_Identity\Projeto03_Identity.csproj", "{AAEE1963-0B19-4C1F-91A3-86A18C0C5ED2}"
EndProject
Global
	GlobalSection(SolutionConfigurationPlatforms) = preSolution
		Debug|Any CPU = Debug|Any CPU
		Release|Any CPU = Release|Any CPU
	EndGlobalSection
	GlobalSection(ProjectConfigurationPlatforms) = postSolution
		{AAEE1963-0B19-4C1F-91A3-86A18C0C5ED2}.Debug|Any CPU.ActiveCfg = Debug|Any CPU
		{AAEE1963-0B19-4C1F-91A3-86A18C0C5ED2}.Debug|Any CPU.Build.0 = Debug|Any CPU
		{AAEE1963-0B19-4C1F-91A3-86A18C0C5ED2}.Release|Any CPU.ActiveCfg = Release|Any CPU
		{AAEE1963-0B19-4C1F-91A3-86A18C0C5ED2}.Release|Any CPU.Build.0 = Release|Any CPU
	EndGlobalSection
	GlobalSection(SolutionProperties) = preSolution
		HideSolutionNode = FALSE
	EndGlobalSection
	GlobalSection(ExtensibilityGlobals) = postSolution
		SolutionGuid = {359D0A8C-2EFE-4129-BF83-99398AD4331D}
	EndGlobalSection
EndGlobal
